
Microsoft Visual Studio Solution File, Format Version 12.00
# Visual Studio 15
VisualStudioVersion = 15.0.28307.329
MinimumVisualStudioVersion = 10.0.40219.1
Project("{FAE04EC0-301F-11D3-BF4B-00C04F79EFBC}") = "example", "task1\example.csproj", "{90F8AA85-9DAC-420E-8C9C-C95FF473F8BB}"
EndProject
Project("{FAE04EC0-301F-11D3-BF4B-00C04F79EFBC}") = "example2", "example2\example2.csproj", "{45F0CD7C-1F7B-499E-AEBF-0D090DB30D15}"
EndProject
Project("{FAE04EC0-301F-11D3-BF4B-00C04F79EFBC}") = "example3", "example3\example3.csproj", "{D869C075-90D0-4AFF-8131-3B0C63927687}"
EndProject
Project("{FAE04EC0-301F-11D3-BF4B-00C04F79EFBC}") = "example4", "example4\example4.csproj", "{B6822BBF-3EB2-4E74-B74B-72D43B65794C}"
EndProject
Project("{FAE04EC0-301F-11D3-BF4B-00C04F79EFBC}") = "example5", "example5\example5.csproj", "{FD2F1D32-275E-4473-97B1-2697D5E7E23C}"
EndProject
Global
	GlobalSection(SolutionConfigurationPlatforms) = preSolution
		Debug|Any CPU = Debug|Any CPU
		Release|Any CPU = Release|Any CPU
	EndGlobalSection
	GlobalSection(ProjectConfigurationPlatforms) = postSolution
		{90F8AA85-9DAC-420E-8C9C-C95FF473F8BB}.Debug|Any CPU.ActiveCfg = Debug|Any CPU
		{90F8AA85-9DAC-420E-8C9C-C95FF473F8BB}.Debug|Any CPU.Build.0 = Debug|Any CPU
		{90F8AA85-9DAC-420E-8C9C-C95FF473F8BB}.Release|Any CPU.ActiveCfg = Release|Any CPU
		{90F8AA85-9DAC-420E-8C9C-C95FF473F8BB}.Release|Any CPU.Build.0 = Release|Any CPU
		{45F0CD7C-1F7B-499E-AEBF-0D090DB30D15}.Debug|Any CPU.ActiveCfg = Debug|Any CPU
		{45F0CD7C-1F7B-499E-AEBF-0D090DB30D15}.Debug|Any CPU.Build.0 = Debug|Any CPU
		{45F0CD7C-1F7B-499E-AEBF-0D090DB30D15}.Release|Any CPU.ActiveCfg = Release|Any CPU
		{45F0CD7C-1F7B-499E-AEBF-0D090DB30D15}.Release|Any CPU.Build.0 = Release|Any CPU
		{D869C075-90D0-4AFF-8131-3B0C63927687}.Debug|Any CPU.ActiveCfg = Debug|Any CPU
		{D869C075-90D0-4AFF-8131-3B0C63927687}.Debug|Any CPU.Build.0 = Debug|Any CPU
		{D869C075-90D0-4AFF-8131-3B0C63927687}.Release|Any CPU.ActiveCfg = Release|Any CPU
		{D869C075-90D0-4AFF-8131-3B0C63927687}.Release|Any CPU.Build.0 = Release|Any CPU
		{B6822BBF-3EB2-4E74-B74B-72D43B65794C}.Debug|Any CPU.ActiveCfg = Debug|Any CPU
		{B6822BBF-3EB2-4E74-B74B-72D43B65794C}.Debug|Any CPU.Build.0 = Debug|Any CPU
		{B6822BBF-3EB2-4E74-B74B-72D43B65794C}.Release|Any CPU.ActiveCfg = Release|Any CPU
		{B6822BBF-3EB2-4E74-B74B-72D43B65794C}.Release|Any CPU.Build.0 = Release|Any CPU
		{FD2F1D32-275E-4473-97B1-2697D5E7E23C}.Debug|Any CPU.ActiveCfg = Debug|Any CPU
		{FD2F1D32-275E-4473-97B1-2697D5E7E23C}.Debug|Any CPU.Build.0 = Debug|Any CPU
		{FD2F1D32-275E-4473-97B1-2697D5E7E23C}.Release|Any CPU.ActiveCfg = Release|Any CPU
		{FD2F1D32-275E-4473-97B1-2697D5E7E23C}.Release|Any CPU.Build.0 = Release|Any CPU
	EndGlobalSection
	GlobalSection(SolutionProperties) = preSolution
		HideSolutionNode = FALSE
	EndGlobalSection
	GlobalSection(ExtensibilityGlobals) = postSolution
		SolutionGuid = {5A0F9C90-7C36-4875-A009-45349C0D5EF1}
	EndGlobalSection
EndGlobal
